// !$*UTF8*$!
{
	archiveVersion = 1;
	classes = {
	};
	objectVersion = 56;
	objects = {

/* Begin PBXBuildFile section */
		81B5DF802C33A83B003F6B1F /* AppDelegate.swift in Sources */ = {isa = PBXBuildFile; fileRef = 81B5DF7F2C33A83B003F6B1F /* AppDelegate.swift */; };
		81B5DF8B2C33A83B003F6B1F /* Base in Resources */ = {isa = PBXBuildFile; fileRef = 81B5DF8A2C33A83B003F6B1F /* Base */; };
		81B5DF8D2C33A83C003F6B1F /* Assets.xcassets in Resources */ = {isa = PBXBuildFile; fileRef = 81B5DF8C2C33A83C003F6B1F /* Assets.xcassets */; };
		81B5DF902C33A83C003F6B1F /* Base in Resources */ = {isa = PBXBuildFile; fileRef = 81B5DF8F2C33A83C003F6B1F /* Base */; };
		81B5DF972C33AAC6003F6B1F /* HomePageViewController.swift in Sources */ = {isa = PBXBuildFile; fileRef = 81B5DF962C33AAC6003F6B1F /* HomePageViewController.swift */; };
		81B5DF992C33AB29003F6B1F /* LevelViewController.swift in Sources */ = {isa = PBXBuildFile; fileRef = 81B5DF982C33AB29003F6B1F /* LevelViewController.swift */; };
		81B5DF9B2C33AC6B003F6B1F /* GameScene1.sks in Resources */ = {isa = PBXBuildFile; fileRef = 81B5DF9A2C33AC6B003F6B1F /* GameScene1.sks */; };
		81B5DF9F2C33AD29003F6B1F /* GameScene1.swift in Sources */ = {isa = PBXBuildFile; fileRef = 81B5DF9E2C33AD29003F6B1F /* GameScene1.swift */; };
		81B5DFA12C33AD7D003F6B1F /* GameScene1ViewController.swift in Sources */ = {isa = PBXBuildFile; fileRef = 81B5DFA02C33AD7D003F6B1F /* GameScene1ViewController.swift */; };
/* End PBXBuildFile section */

/* Begin PBXFileReference section */
		81B5DF7C2C33A83B003F6B1F /* CanteenDel.app */ = {isa = PBXFileReference; explicitFileType = wrapper.application; includeInIndex = 0; path = CanteenDel.app; sourceTree = BUILT_PRODUCTS_DIR; };
		81B5DF7F2C33A83B003F6B1F /* AppDelegate.swift */ = {isa = PBXFileReference; lastKnownFileType = sourcecode.swift; path = AppDelegate.swift; sourceTree = "<group>"; };
		81B5DF8A2C33A83B003F6B1F /* Base */ = {isa = PBXFileReference; lastKnownFileType = file.storyboard; name = Base; path = Base.lproj/Main.storyboard; sourceTree = "<group>"; };
		81B5DF8C2C33A83C003F6B1F /* Assets.xcassets */ = {isa = PBXFileReference; lastKnownFileType = folder.assetcatalog; path = Assets.xcassets; sourceTree = "<group>"; };
		81B5DF8F2C33A83C003F6B1F /* Base */ = {isa = PBXFileReference; lastKnownFileType = file.storyboard; name = Base; path = Base.lproj/LaunchScreen.storyboard; sourceTree = "<group>"; };
		81B5DF962C33AAC6003F6B1F /* HomePageViewController.swift */ = {isa = PBXFileReference; lastKnownFileType = sourcecode.swift; path = HomePageViewController.swift; sourceTree = "<group>"; };
		81B5DF982C33AB29003F6B1F /* LevelViewController.swift */ = {isa = PBXFileReference; lastKnownFileType = sourcecode.swift; path = LevelViewController.swift; sourceTree = "<group>"; };
		81B5DF9A2C33AC6B003F6B1F /* GameScene1.sks */ = {isa = PBXFileReference; lastKnownFileType = file.sks; path = GameScene1.sks; sourceTree = "<group>"; };
		81B5DF9E2C33AD29003F6B1F /* GameScene1.swift */ = {isa = PBXFileReference; lastKnownFileType = sourcecode.swift; path = GameScene1.swift; sourceTree = "<group>"; };
		81B5DFA02C33AD7D003F6B1F /* GameScene1ViewController.swift */ = {isa = PBXFileReference; lastKnownFileType = sourcecode.swift; path = GameScene1ViewController.swift; sourceTree = "<group>"; };
/* End PBXFileReference section */

/* Begin PBXFrameworksBuildPhase section */
		81B5DF792C33A83B003F6B1F /* Frameworks */ = {
			isa = PBXFrameworksBuildPhase;
			buildActionMask = 2147483647;
			files = (
			);
			runOnlyForDeploymentPostprocessing = 0;
		};
/* End PBXFrameworksBuildPhase section */

/* Begin PBXGroup section */
		81B5DF732C33A83B003F6B1F = {
			isa = PBXGroup;
			children = (
				81B5DF7E2C33A83B003F6B1F /* CanteenDel */,
				81B5DF7D2C33A83B003F6B1F /* Products */,
			);
			sourceTree = "<group>";
		};
		81B5DF7D2C33A83B003F6B1F /* Products */ = {
			isa = PBXGroup;
			children = (
				81B5DF7C2C33A83B003F6B1F /* CanteenDel.app */,
			);
			name = Products;
			sourceTree = "<group>";
		};
		81B5DF7E2C33A83B003F6B1F /* CanteenDel */ = {
			isa = PBXGroup;
			children = (
				81B5DF7F2C33A83B003F6B1F /* AppDelegate.swift */,
				81B5DF892C33A83B003F6B1F /* Main.storyboard */,
				81B5DF8C2C33A83C003F6B1F /* Assets.xcassets */,
				81B5DF8E2C33A83C003F6B1F /* LaunchScreen.storyboard */,
				81B5DF962C33AAC6003F6B1F /* HomePageViewController.swift */,
				81B5DF982C33AB29003F6B1F /* LevelViewController.swift */,
				81B5DF9A2C33AC6B003F6B1F /* GameScene1.sks */,
				81B5DF9E2C33AD29003F6B1F /* GameScene1.swift */,
				81B5DFA02C33AD7D003F6B1F /* GameScene1ViewController.swift */,
			);
			path = CanteenDel;
			sourceTree = "<group>";
		};
/* End PBXGroup section */

/* Begin PBXNativeTarget section */
		81B5DF7B2C33A83B003F6B1F /* CanteenDel */ = {
			isa = PBXNativeTarget;
			buildConfigurationList = 81B5DF932C33A83C003F6B1F /* Build configuration list for PBXNativeTarget "CanteenDel" */;
			buildPhases = (
				81B5DF782C33A83B003F6B1F /* Sources */,
				81B5DF792C33A83B003F6B1F /* Frameworks */,
				81B5DF7A2C33A83B003F6B1F /* Resources */,
			);
			buildRules = (
			);
			dependencies = (
			);
			name = CanteenDel;
			productName = CanteenDel;
			productReference = 81B5DF7C2C33A83B003F6B1F /* CanteenDel.app */;
			productType = "com.apple.product-type.application";
		};
/* End PBXNativeTarget section */

/* Begin PBXProject section */
		81B5DF742C33A83B003F6B1F /* Project object */ = {
			isa = PBXProject;
			attributes = {
				BuildIndependentTargetsInParallel = 1;
				LastSwiftUpdateCheck = 1540;
				LastUpgradeCheck = 1540;
				TargetAttributes = {
					81B5DF7B2C33A83B003F6B1F = {
						CreatedOnToolsVersion = 15.4;
					};
				};
			};
			buildConfigurationList = 81B5DF772C33A83B003F6B1F /* Build configuration list for PBXProject "CanteenDel" */;
			compatibilityVersion = "Xcode 14.0";
			developmentRegion = en;
			hasScannedForEncodings = 0;
			knownRegions = (
				en,
				Base,
			);
			mainGroup = 81B5DF732C33A83B003F6B1F;
			productRefGroup = 81B5DF7D2C33A83B003F6B1F /* Products */;
			projectDirPath = "";
			projectRoot = "";
			targets = (
				81B5DF7B2C33A83B003F6B1F /* CanteenDel */,
			);
		};
/* End PBXProject section */

/* Begin PBXResourcesBuildPhase section */
		81B5DF7A2C33A83B003F6B1F /* Resources */ = {
			isa = PBXResourcesBuildPhase;
			buildActionMask = 2147483647;
			files = (
				81B5DF8B2C33A83B003F6B1F /* Base in Resources */,
				81B5DF8D2C33A83C003F6B1F /* Assets.xcassets in Resources */,
				81B5DF9B2C33AC6B003F6B1F /* GameScene1.sks in Resources */,
				81B5DF902C33A83C003F6B1F /* Base in Resources */,
			);
			runOnlyForDeploymentPostprocessing = 0;
		};
/* End PBXResourcesBuildPhase section */

/* Begin PBXSourcesBuildPhase section */
		81B5DF782C33A83B003F6B1F /* Sources */ = {
			isa = PBXSourcesBuildPhase;
			buildActionMask = 2147483647;
			files = (
				81B5DF9F2C33AD29003F6B1F /* GameScene1.swift in Sources */,
				81B5DFA12C33AD7D003F6B1F /* GameScene1ViewController.swift in Sources */,
				81B5DF992C33AB29003F6B1F /* LevelViewController.swift in Sources */,
				81B5DF972C33AAC6003F6B1F /* HomePageViewController.swift in Sources */,
				81B5DF802C33A83B003F6B1F /* AppDelegate.swift in Sources */,
			);
			runOnlyForDeploymentPostprocessing = 0;
		};
/* End PBXSourcesBuildPhase section */

/* Begin PBXVariantGroup section */
		81B5DF892C33A83B003F6B1F /* Main.storyboard */ = {
			isa = PBXVariantGroup;
			children = (
				81B5DF8A2C33A83B003F6B1F /* Base */,
			);
			name = Main.storyboard;
			sourceTree = "<group>";
		};
		81B5DF8E2C33A83C003F6B1F /* LaunchScreen.storyboard */ = {
			isa = PBXVariantGroup;
			children = (
				81B5DF8F2C33A83C003F6B1F /* Base */,
			);
			name = LaunchScreen.storyboard;
			sourceTree = "<group>";
		};
/* End PBXVariantGroup section */

/* Begin XCBuildConfiguration section */
		81B5DF912C33A83C003F6B1F /* Debug */ = {
			isa = XCBuildConfiguration;
			buildSettings = {
				ALWAYS_SEARCH_USER_PATHS = NO;
				ASSETCATALOG_COMPILER_GENERATE_SWIFT_ASSET_SYMBOL_EXTENSIONS = YES;
				CLANG_ANALYZER_NONNULL = YES;
				CLANG_ANALYZER_NUMBER_OBJECT_CONVERSION = YES_AGGRESSIVE;
				CLANG_CXX_LANGUAGE_STANDARD = "gnu++20";
				CLANG_ENABLE_MODULES = YES;
				CLANG_ENABLE_OBJC_ARC = YES;
				CLANG_ENABLE_OBJC_WEAK = YES;
				CLANG_WARN_BLOCK_CAPTURE_AUTORELEASING = YES;
				CLANG_WARN_BOOL_CONVERSION = YES;
				CLANG_WARN_COMMA = YES;
				CLANG_WARN_CONSTANT_CONVERSION = YES;
				CLANG_WARN_DEPRECATED_OBJC_IMPLEMENTATIONS = YES;
				CLANG_WARN_DIRECT_OBJC_ISA_USAGE = YES_ERROR;
				CLANG_WARN_DOCUMENTATION_COMMENTS = YES;
				CLANG_WARN_EMPTY_BODY = YES;
				CLANG_WARN_ENUM_CONVERSION = YES;
				CLANG_WARN_INFINITE_RECURSION = YES;
				CLANG_WARN_INT_CONVERSION = YES;
				CLANG_WARN_NON_LITERAL_NULL_CONVERSION = YES;
				CLANG_WARN_OBJC_IMPLICIT_RETAIN_SELF = YES;
				CLANG_WARN_OBJC_LITERAL_CONVERSION = YES;
				CLANG_WARN_OBJC_ROOT_CLASS = YES_ERROR;
				CLANG_WARN_QUOTED_INCLUDE_IN_FRAMEWORK_HEADER = YES;
				CLANG_WARN_RANGE_LOOP_ANALYSIS = YES;
				CLANG_WARN_STRICT_PROTOTYPES = YES;
				CLANG_WARN_SUSPICIOUS_MOVE = YES;
				CLANG_WARN_UNGUARDED_AVAILABILITY = YES_AGGRESSIVE;
				CLANG_WARN_UNREACHABLE_CODE = YES;
				CLANG_WARN__DUPLICATE_METHOD_MATCH = YES;
				COPY_PHASE_STRIP = NO;
				DEBUG_INFORMATION_FORMAT = dwarf;
				ENABLE_STRICT_OBJC_MSGSEND = YES;
				ENABLE_TESTABILITY = YES;
				ENABLE_USER_SCRIPT_SANDBOXING = YES;
				GCC_C_LANGUAGE_STANDARD = gnu17;
				GCC_DYNAMIC_NO_PIC = NO;
				GCC_NO_COMMON_BLOCKS = YES;
				GCC_OPTIMIZATION_LEVEL = 0;
				GCC_PREPROCESSOR_DEFINITIONS = (
					"DEBUG=1",
					"$(inherited)",
				);
				GCC_WARN_64_TO_32_BIT_CONVERSION = YES;
				GCC_WARN_ABOUT_RETURN_TYPE = YES_ERROR;
				GCC_WARN_UNDECLARED_SELECTOR = YES;
				GCC_WARN_UNINITIALIZED_AUTOS = YES_AGGRESSIVE;
				GCC_WARN_UNUSED_FUNCTION = YES;
				GCC_WARN_UNUSED_VARIABLE = YES;
				IPHONEOS_DEPLOYMENT_TARGET = 17.5;
				LOCALIZATION_PREFERS_STRING_CATALOGS = YES;
				MTL_ENABLE_DEBUG_INFO = INCLUDE_SOURCE;
				MTL_FAST_MATH = YES;
				ONLY_ACTIVE_ARCH = YES;
				SDKROOT = iphoneos;
				SWIFT_ACTIVE_COMPILATION_CONDITIONS = "DEBUG $(inherited)";
				SWIFT_OPTIMIZATION_LEVEL = "-Onone";
			};
			name = Debug;
		};
		81B5DF922C33A83C003F6B1F /* Release */ = {
			isa = XCBuildConfiguration;
			buildSettings = {
				ALWAYS_SEARCH_USER_PATHS = NO;
				ASSETCATALOG_COMPILER_GENERATE_SWIFT_ASSET_SYMBOL_EXTENSIONS = YES;
				CLANG_ANALYZER_NONNULL = YES;
				CLANG_ANALYZER_NUMBER_OBJECT_CONVERSION = YES_AGGRESSIVE;
				CLANG_CXX_LANGUAGE_STANDARD = "gnu++20";
				CLANG_ENABLE_MODULES = YES;
				CLANG_ENABLE_OBJC_ARC = YES;
				CLANG_ENABLE_OBJC_WEAK = YES;
				CLANG_WARN_BLOCK_CAPTURE_AUTORELEASING = YES;
				CLANG_WARN_BOOL_CONVERSION = YES;
				CLANG_WARN_COMMA = YES;
				CLANG_WARN_CONSTANT_CONVERSION = YES;
				CLANG_WARN_DEPRECATED_OBJC_IMPLEMENTATIONS = YES;
				CLANG_WARN_DIRECT_OBJC_ISA_USAGE = YES_ERROR;
				CLANG_WARN_DOCUMENTATION_COMMENTS = YES;
				CLANG_WARN_EMPTY_BODY = YES;
				CLANG_WARN_ENUM_CONVERSION = YES;
				CLANG_WARN_INFINITE_RECURSION = YES;
				CLANG_WARN_INT_CONVERSION = YES;
				CLANG_WARN_NON_LITERAL_NULL_CONVERSION = YES;
				CLANG_WARN_OBJC_IMPLICIT_RETAIN_SELF = YES;
				CLANG_WARN_OBJC_LITERAL_CONVERSION = YES;
				CLANG_WARN_OBJC_ROOT_CLASS = YES_ERROR;
				CLANG_WARN_QUOTED_INCLUDE_IN_FRAMEWORK_HEADER = YES;
				CLANG_WARN_RANGE_LOOP_ANALYSIS = YES;
				CLANG_WARN_STRICT_PROTOTYPES = YES;
				CLANG_WARN_SUSPICIOUS_MOVE = YES;
				CLANG_WARN_UNGUARDED_AVAILABILITY = YES_AGGRESSIVE;
				CLANG_WARN_UNREACHABLE_CODE = YES;
				CLANG_WARN__DUPLICATE_METHOD_MATCH = YES;
				COPY_PHASE_STRIP = NO;
				DEBUG_INFORMATION_FORMAT = "dwarf-with-dsym";
				ENABLE_NS_ASSERTIONS = NO;
				ENABLE_STRICT_OBJC_MSGSEND = YES;
				ENABLE_USER_SCRIPT_SANDBOXING = YES;
				GCC_C_LANGUAGE_STANDARD = gnu17;
				GCC_NO_COMMON_BLOCKS = YES;
				GCC_WARN_64_TO_32_BIT_CONVERSION = YES;
				GCC_WARN_ABOUT_RETURN_TYPE = YES_ERROR;
				GCC_WARN_UNDECLARED_SELECTOR = YES;
				GCC_WARN_UNINITIALIZED_AUTOS = YES_AGGRESSIVE;
				GCC_WARN_UNUSED_FUNCTION = YES;
				GCC_WARN_UNUSED_VARIABLE = YES;
				IPHONEOS_DEPLOYMENT_TARGET = 17.5;
				LOCALIZATION_PREFERS_STRING_CATALOGS = YES;
				MTL_ENABLE_DEBUG_INFO = NO;
				MTL_FAST_MATH = YES;
				SDKROOT = iphoneos;
				SWIFT_COMPILATION_MODE = wholemodule;
				VALIDATE_PRODUCT = YES;
			};
			name = Release;
		};
		81B5DF942C33A83C003F6B1F /* Debug */ = {
			isa = XCBuildConfiguration;
			buildSettings = {
				ASSETCATALOG_COMPILER_APPICON_NAME = AppIcon;
				ASSETCATALOG_COMPILER_GLOBAL_ACCENT_COLOR_NAME = AccentColor;
				CODE_SIGN_STYLE = Automatic;
				CURRENT_PROJECT_VERSION = 1;
				DEVELOPMENT_TEAM = UU938KLL3C;
				GENERATE_INFOPLIST_FILE = YES;
				INFOPLIST_KEY_UIApplicationSupportsIndirectInputEvents = YES;
				INFOPLIST_KEY_UILaunchStoryboardName = LaunchScreen;
				INFOPLIST_KEY_UIMainStoryboardFile = Main;
				INFOPLIST_KEY_UIStatusBarHidden = YES;
				INFOPLIST_KEY_UISupportedInterfaceOrientations = "UIInterfaceOrientationLandscapeLeft UIInterfaceOrientationLandscapeRight";
				INFOPLIST_KEY_UISupportedInterfaceOrientations_iPad = "UIInterfaceOrientationLandscapeLeft UIInterfaceOrientationPortraitUpsideDown";
				LD_RUNPATH_SEARCH_PATHS = (
					"$(inherited)",
					"@executable_path/Frameworks",
				);
				MARKETING_VERSION = 1.0;
				PRODUCT_BUNDLE_IDENTIFIER = com.rohit.CanteenDel;
				PRODUCT_NAME = "$(TARGET_NAME)";
				SWIFT_EMIT_LOC_STRINGS = YES;
				SWIFT_VERSION = 5.0;
				TARGETED_DEVICE_FAMILY = "1,2";
			};
			name = Debug;
		};
		81B5DF952C33A83C003F6B1F /* Release */ = {
			isa = XCBuildConfiguration;
			buildSettings = {
				ASSETCATALOG_COMPILER_APPICON_NAME = AppIcon;
				ASSETCATALOG_COMPILER_GLOBAL_ACCENT_COLOR_NAME = AccentColor;
				CODE_SIGN_STYLE = Automatic;
				CURRENT_PROJECT_VERSION = 1;
				DEVELOPMENT_TEAM = UU938KLL3C;
				GENERATE_INFOPLIST_FILE = YES;
				INFOPLIST_KEY_UIApplicationSupportsIndirectInputEvents = YES;
				INFOPLIST_KEY_UILaunchStoryboardName = LaunchScreen;
				INFOPLIST_KEY_UIMainStoryboardFile = Main;
				INFOPLIST_KEY_UIStatusBarHidden = YES;
				INFOPLIST_KEY_UISupportedInterfaceOrientations = "UIInterfaceOrientationLandscapeLeft UIInterfaceOrientationLandscapeRight";
				INFOPLIST_KEY_UISupportedInterfaceOrientations_iPad = "UIInterfaceOrientationLandscapeLeft UIInterfaceOrientationPortraitUpsideDown";
				LD_RUNPATH_SEARCH_PATHS = (
					"$(inherited)",
					"@executable_path/Frameworks",
				);
				MARKETING_VERSION = 1.0;
				PRODUCT_BUNDLE_IDENTIFIER = com.rohit.CanteenDel;
				PRODUCT_NAME = "$(TARGET_NAME)";
				SWIFT_EMIT_LOC_STRINGS = YES;
				SWIFT_VERSION = 5.0;
				TARGETED_DEVICE_FAMILY = "1,2";
			};
			name = Release;
		};
/* End XCBuildConfiguration section */

/* Begin XCConfigurationList section */
		81B5DF772C33A83B003F6B1F /* Build configuration list for PBXProject "CanteenDel" */ = {
			isa = XCConfigurationList;
			buildConfigurations = (
				81B5DF912C33A83C003F6B1F /* Debug */,
				81B5DF922C33A83C003F6B1F /* Release */,
			);
			defaultConfigurationIsVisible = 0;
			defaultConfigurationName = Release;
		};
		81B5DF932C33A83C003F6B1F /* Build configuration list for PBXNativeTarget "CanteenDel" */ = {
			isa = XCConfigurationList;
			buildConfigurations = (
				81B5DF942C33A83C003F6B1F /* Debug */,
				81B5DF952C33A83C003F6B1F /* Release */,
			);
			defaultConfigurationIsVisible = 0;
			defaultConfigurationName = Release;
		};
/* End XCConfigurationList section */
	};
	rootObject = 81B5DF742C33A83B003F6B1F /* Project object */;
}
